{
  "version": 4,
  "terraform_version": "1.1.8",
  "serial": 6,
  "lineage": "a8ab9e71-504b-5330-fbc9-3c823c52e224",
  "outputs": {
    "external_ip_address_app": {
      "value": "51.250.9.166",
      "type": "string"
    },
    "external_ip_address_db": {
      "value": "51.250.66.91",
      "type": "string"
    }
  },
  "resources": [
    {
      "module": "module.app",
      "mode": "managed",
      "type": "yandex_compute_instance",
      "name": "app",
      "provider": "provider[\"registry.terraform.io/yandex-cloud/yandex\"]",
      "instances": [
        {
          "schema_version": 1,
          "attributes": {
            "allow_recreate": null,
            "allow_stopping_for_update": null,
            "boot_disk": [
              {
                "auto_delete": true,
                "device_name": "fhm286ipcisa293n1sq6",
                "disk_id": "fhm286ipcisa293n1sq6",
                "initialize_params": [
                  {
                    "block_size": 4096,
                    "description": "",
                    "image_id": "fd8spj55qsp944e224uf",
                    "name": "",
                    "size": 10,
                    "snapshot_id": "",
                    "type": "network-hdd"
                  }
                ],
                "mode": "READ_WRITE"
              }
            ],
            "created_at": "2022-05-10T18:28:18Z",
            "description": "",
            "folder_id": "b1grh9oj0u5rtejv4f6k",
            "fqdn": "fhmb0n13f8ob28f7lr7c.auto.internal",
            "hostname": "fhmb0n13f8ob28f7lr7c",
            "id": "fhmb0n13f8ob28f7lr7c",
            "labels": {
              "tags": "reddit-app"
            },
            "metadata": {
              "ssh-keys": "ubuntu:ssh-rsa AAAAB3NzaC1yc2EAAAABJQAAAQEAh3X1UvG8avBoY8Qh64h6tlqGcIc5w9td8dnj9yhwoBrahLc/CQHlqgMfZzJHXmuT+J6DXfihpfP2F25W8ROQ/xpjXxLC7jVOA2CVhaI/lNiVSDse63zpCUbKTOZ2cMVgG74P1nEKvOAaxTuaWYxXwcYOYoDWD+6y7svW+iQIWRqTiiV5zOMRuQtYZFAyn2SNaowqUOb1UmZVEan/y6Hbv3Hve2mKpIcpiMIbJgSOOOZKTDrnXwPJ75TYKXHCUalGC5rt2ReNqypPPqODyrthkqtAXNMKdZKLbqt0nll9KWAYk01pzkW7mINBrzT763+uWvlol6U+5z9mcaN0pkkbjw== sga\r\n"
            },
            "name": "reddit-app",
            "network_acceleration_type": "standard",
            "network_interface": [
              {
                "dns_record": [],
                "index": 0,
                "ip_address": "10.128.0.12",
                "ipv4": true,
                "ipv6": false,
                "ipv6_address": "",
                "ipv6_dns_record": [],
                "mac_address": "d0:0d:b0:5c:23:7a",
                "nat": true,
                "nat_dns_record": [],
                "nat_ip_address": "51.250.9.166",
                "nat_ip_version": "IPV4",
                "security_group_ids": [],
                "subnet_id": "e9blrp41fh3sbmc72k04"
              }
            ],
            "placement_policy": [
              {
                "host_affinity_rules": [],
                "placement_group_id": ""
              }
            ],
            "platform_id": "standard-v1",
            "resources": [
              {
                "core_fraction": 100,
                "cores": 2,
                "gpus": 0,
                "memory": 2
              }
            ],
            "scheduling_policy": [
              {
                "preemptible": false
              }
            ],
            "secondary_disk": [],
            "service_account_id": "",
            "status": "running",
            "timeouts": null,
            "zone": "ru-central1-a"
          },
          "sensitive_attributes": [],
          "private": "eyJlMmJmYjczMC1lY2FhLTExZTYtOGY4OC0zNDM2M2JjN2M0YzAiOnsiY3JlYXRlIjozMDAwMDAwMDAwMDAsImRlbGV0ZSI6MzAwMDAwMDAwMDAwLCJ1cGRhdGUiOjMwMDAwMDAwMDAwMH0sInNjaGVtYV92ZXJzaW9uIjoiMSJ9"
        }
      ]
    },
    {
      "module": "module.db",
      "mode": "managed",
      "type": "yandex_compute_instance",
      "name": "db",
      "provider": "provider[\"registry.terraform.io/yandex-cloud/yandex\"]",
      "instances": [
        {
          "schema_version": 1,
          "attributes": {
            "allow_recreate": null,
            "allow_stopping_for_update": null,
            "boot_disk": [
              {
                "auto_delete": true,
                "device_name": "fhmue2jsg4jovusmc2e6",
                "disk_id": "fhmue2jsg4jovusmc2e6",
                "initialize_params": [
                  {
                    "block_size": 4096,
                    "description": "",
                    "image_id": "fd8c84qo2jclh022ktuh",
                    "name": "",
                    "size": 10,
                    "snapshot_id": "",
                    "type": "network-hdd"
                  }
                ],
                "mode": "READ_WRITE"
              }
            ],
            "created_at": "2022-05-10T18:28:19Z",
            "description": "",
            "folder_id": "b1grh9oj0u5rtejv4f6k",
            "fqdn": "fhmqksvcni5okttmsldn.auto.internal",
            "hostname": "fhmqksvcni5okttmsldn",
            "id": "fhmqksvcni5okttmsldn",
            "labels": {
              "tags": "reddit-db"
            },
            "metadata": {
              "ssh-keys": "ubuntu:ssh-rsa AAAAB3NzaC1yc2EAAAABJQAAAQEAh3X1UvG8avBoY8Qh64h6tlqGcIc5w9td8dnj9yhwoBrahLc/CQHlqgMfZzJHXmuT+J6DXfihpfP2F25W8ROQ/xpjXxLC7jVOA2CVhaI/lNiVSDse63zpCUbKTOZ2cMVgG74P1nEKvOAaxTuaWYxXwcYOYoDWD+6y7svW+iQIWRqTiiV5zOMRuQtYZFAyn2SNaowqUOb1UmZVEan/y6Hbv3Hve2mKpIcpiMIbJgSOOOZKTDrnXwPJ75TYKXHCUalGC5rt2ReNqypPPqODyrthkqtAXNMKdZKLbqt0nll9KWAYk01pzkW7mINBrzT763+uWvlol6U+5z9mcaN0pkkbjw== sga\r\n"
            },
            "name": "reddit-db",
            "network_acceleration_type": "standard",
            "network_interface": [
              {
                "dns_record": [],
                "index": 0,
                "ip_address": "10.128.0.7",
                "ipv4": true,
                "ipv6": false,
                "ipv6_address": "",
                "ipv6_dns_record": [],
                "mac_address": "d0:0d:1a:a7:3e:cb",
                "nat": true,
                "nat_dns_record": [],
                "nat_ip_address": "51.250.66.91",
                "nat_ip_version": "IPV4",
                "security_group_ids": [],
                "subnet_id": "e9blrp41fh3sbmc72k04"
              }
            ],
            "placement_policy": [
              {
                "host_affinity_rules": [],
                "placement_group_id": ""
              }
            ],
            "platform_id": "standard-v1",
            "resources": [
              {
                "core_fraction": 100,
                "cores": 2,
                "gpus": 0,
                "memory": 2
              }
            ],
            "scheduling_policy": [
              {
                "preemptible": false
              }
            ],
            "secondary_disk": [],
            "service_account_id": "",
            "status": "running",
            "timeouts": null,
            "zone": "ru-central1-a"
          },
          "sensitive_attributes": [],
          "private": "eyJlMmJmYjczMC1lY2FhLTExZTYtOGY4OC0zNDM2M2JjN2M0YzAiOnsiY3JlYXRlIjozMDAwMDAwMDAwMDAsImRlbGV0ZSI6MzAwMDAwMDAwMDAwLCJ1cGRhdGUiOjMwMDAwMDAwMDAwMH0sInNjaGVtYV92ZXJzaW9uIjoiMSJ9"
        }
      ]
    }
  ]
}
