{
  "version": 4,
  "terraform_version": "1.1.8",
  "serial": 46,
  "lineage": "920a43f4-4637-4dc5-4c82-894e553448e8",
  "outputs": {
    "external_ip_address_app": {
      "value": "51.250.80.38",
      "type": "string"
    },
    "external_ip_address_db": {
      "value": "51.250.3.45",
      "type": "string"
    }
  },
  "resources": [
    {
      "mode": "managed",
      "type": "yandex_vpc_network",
      "name": "app-network",
      "provider": "provider[\"registry.terraform.io/yandex-cloud/yandex\"]",
      "instances": [
        {
          "schema_version": 0,
          "attributes": {
            "created_at": "2022-05-10T18:22:25Z",
            "default_security_group_id": "",
            "description": "",
            "folder_id": "b1grh9oj0u5rtejv4f6k",
            "id": "enptvkbk6a5d3ar9f38a",
            "labels": {},
            "name": "app-network",
            "subnet_ids": [],
            "timeouts": null
          },
          "sensitive_attributes": [],
          "private": "eyJlMmJmYjczMC1lY2FhLTExZTYtOGY4OC0zNDM2M2JjN2M0YzAiOnsiY3JlYXRlIjo2MDAwMDAwMDAwMCwiZGVsZXRlIjo2MDAwMDAwMDAwMCwidXBkYXRlIjo2MDAwMDAwMDAwMH19"
        }
      ]
    },
    {
      "mode": "managed",
      "type": "yandex_vpc_subnet",
      "name": "app-subnet",
      "provider": "provider[\"registry.terraform.io/yandex-cloud/yandex\"]",
      "instances": [
        {
          "schema_version": 0,
          "attributes": {
            "created_at": "2022-05-10T18:22:25Z",
            "description": "",
            "dhcp_options": [],
            "folder_id": "b1grh9oj0u5rtejv4f6k",
            "id": "e9bfk6f1qc8tacol7h9d",
            "labels": {},
            "name": "app-subnet",
            "network_id": "enptvkbk6a5d3ar9f38a",
            "route_table_id": "",
            "timeouts": null,
            "v4_cidr_blocks": [
              "192.168.10.0/24"
            ],
            "v6_cidr_blocks": [],
            "zone": "ru-central1-a"
          },
          "sensitive_attributes": [],
          "private": "eyJlMmJmYjczMC1lY2FhLTExZTYtOGY4OC0zNDM2M2JjN2M0YzAiOnsiY3JlYXRlIjoxODAwMDAwMDAwMDAsImRlbGV0ZSI6MTgwMDAwMDAwMDAwLCJ1cGRhdGUiOjE4MDAwMDAwMDAwMH19",
          "dependencies": [
            "yandex_vpc_network.app-network"
          ]
        }
      ]
    },
    {
      "module": "module.app",
      "mode": "managed",
      "type": "yandex_compute_instance",
      "name": "app",
      "provider": "provider[\"registry.terraform.io/yandex-cloud/yandex\"]",
      "instances": [
        {
          "schema_version": 1,
          "attributes": {
            "allow_recreate": null,
            "allow_stopping_for_update": null,
            "boot_disk": [
              {
                "auto_delete": true,
                "device_name": "fhm5iepbi1ufet4m3tkb",
                "disk_id": "fhm5iepbi1ufet4m3tkb",
                "initialize_params": [
                  {
                    "block_size": 4096,
                    "description": "",
                    "image_id": "fd8spj55qsp944e224uf",
                    "name": "",
                    "size": 10,
                    "snapshot_id": "",
                    "type": "network-hdd"
                  }
                ],
                "mode": "READ_WRITE"
              }
            ],
            "created_at": "2022-05-10T18:22:25Z",
            "description": "",
            "folder_id": "b1grh9oj0u5rtejv4f6k",
            "fqdn": "fhm761q7r7ta3460iver.auto.internal",
            "hostname": "fhm761q7r7ta3460iver",
            "id": "fhm761q7r7ta3460iver",
            "labels": {
              "tags": "reddit-app"
            },
            "metadata": {
              "ssh-keys": "ubuntu:ssh-rsa AAAAB3NzaC1yc2EAAAABJQAAAQEAh3X1UvG8avBoY8Qh64h6tlqGcIc5w9td8dnj9yhwoBrahLc/CQHlqgMfZzJHXmuT+J6DXfihpfP2F25W8ROQ/xpjXxLC7jVOA2CVhaI/lNiVSDse63zpCUbKTOZ2cMVgG74P1nEKvOAaxTuaWYxXwcYOYoDWD+6y7svW+iQIWRqTiiV5zOMRuQtYZFAyn2SNaowqUOb1UmZVEan/y6Hbv3Hve2mKpIcpiMIbJgSOOOZKTDrnXwPJ75TYKXHCUalGC5rt2ReNqypPPqODyrthkqtAXNMKdZKLbqt0nll9KWAYk01pzkW7mINBrzT763+uWvlol6U+5z9mcaN0pkkbjw== sga\r\n"
            },
            "name": "reddit-app",
            "network_acceleration_type": "standard",
            "network_interface": [
              {
                "dns_record": [],
                "index": 0,
                "ip_address": "10.128.0.19",
                "ipv4": true,
                "ipv6": false,
                "ipv6_address": "",
                "ipv6_dns_record": [],
                "mac_address": "d0:0d:73:07:47:d9",
                "nat": true,
                "nat_dns_record": [],
                "nat_ip_address": "51.250.80.38",
                "nat_ip_version": "IPV4",
                "security_group_ids": [],
                "subnet_id": "e9blrp41fh3sbmc72k04"
              }
            ],
            "placement_policy": [
              {
                "host_affinity_rules": [],
                "placement_group_id": ""
              }
            ],
            "platform_id": "standard-v1",
            "resources": [
              {
                "core_fraction": 100,
                "cores": 2,
                "gpus": 0,
                "memory": 2
              }
            ],
            "scheduling_policy": [
              {
                "preemptible": false
              }
            ],
            "secondary_disk": [],
            "service_account_id": "",
            "status": "running",
            "timeouts": null,
            "zone": "ru-central1-a"
          },
          "sensitive_attributes": [],
          "private": "eyJlMmJmYjczMC1lY2FhLTExZTYtOGY4OC0zNDM2M2JjN2M0YzAiOnsiY3JlYXRlIjozMDAwMDAwMDAwMDAsImRlbGV0ZSI6MzAwMDAwMDAwMDAwLCJ1cGRhdGUiOjMwMDAwMDAwMDAwMH0sInNjaGVtYV92ZXJzaW9uIjoiMSJ9"
        }
      ]
    },
    {
      "module": "module.db",
      "mode": "managed",
      "type": "yandex_compute_instance",
      "name": "db",
      "provider": "provider[\"registry.terraform.io/yandex-cloud/yandex\"]",
      "instances": [
        {
          "schema_version": 1,
          "attributes": {
            "allow_recreate": null,
            "allow_stopping_for_update": null,
            "boot_disk": [
              {
                "auto_delete": true,
                "device_name": "fhm449ne05p0m5e4u6q4",
                "disk_id": "fhm449ne05p0m5e4u6q4",
                "initialize_params": [
                  {
                    "block_size": 4096,
                    "description": "",
                    "image_id": "fd8c84qo2jclh022ktuh",
                    "name": "",
                    "size": 10,
                    "snapshot_id": "",
                    "type": "network-hdd"
                  }
                ],
                "mode": "READ_WRITE"
              }
            ],
            "created_at": "2022-05-10T18:22:25Z",
            "description": "",
            "folder_id": "b1grh9oj0u5rtejv4f6k",
            "fqdn": "fhmbkc0uj8ic89djlktf.auto.internal",
            "hostname": "fhmbkc0uj8ic89djlktf",
            "id": "fhmbkc0uj8ic89djlktf",
            "labels": {
              "tags": "reddit-db"
            },
            "metadata": {
              "ssh-keys": "ubuntu:ssh-rsa AAAAB3NzaC1yc2EAAAABJQAAAQEAh3X1UvG8avBoY8Qh64h6tlqGcIc5w9td8dnj9yhwoBrahLc/CQHlqgMfZzJHXmuT+J6DXfihpfP2F25W8ROQ/xpjXxLC7jVOA2CVhaI/lNiVSDse63zpCUbKTOZ2cMVgG74P1nEKvOAaxTuaWYxXwcYOYoDWD+6y7svW+iQIWRqTiiV5zOMRuQtYZFAyn2SNaowqUOb1UmZVEan/y6Hbv3Hve2mKpIcpiMIbJgSOOOZKTDrnXwPJ75TYKXHCUalGC5rt2ReNqypPPqODyrthkqtAXNMKdZKLbqt0nll9KWAYk01pzkW7mINBrzT763+uWvlol6U+5z9mcaN0pkkbjw== sga\r\n"
            },
            "name": "reddit-db",
            "network_acceleration_type": "standard",
            "network_interface": [
              {
                "dns_record": [],
                "index": 0,
                "ip_address": "10.128.0.25",
                "ipv4": true,
                "ipv6": false,
                "ipv6_address": "",
                "ipv6_dns_record": [],
                "mac_address": "d0:0d:ba:30:1e:9a",
                "nat": true,
                "nat_dns_record": [],
                "nat_ip_address": "51.250.3.45",
                "nat_ip_version": "IPV4",
                "security_group_ids": [],
                "subnet_id": "e9blrp41fh3sbmc72k04"
              }
            ],
            "placement_policy": [
              {
                "host_affinity_rules": [],
                "placement_group_id": ""
              }
            ],
            "platform_id": "standard-v1",
            "resources": [
              {
                "core_fraction": 100,
                "cores": 2,
                "gpus": 0,
                "memory": 2
              }
            ],
            "scheduling_policy": [
              {
                "preemptible": false
              }
            ],
            "secondary_disk": [],
            "service_account_id": "",
            "status": "running",
            "timeouts": null,
            "zone": "ru-central1-a"
          },
          "sensitive_attributes": [],
          "private": "eyJlMmJmYjczMC1lY2FhLTExZTYtOGY4OC0zNDM2M2JjN2M0YzAiOnsiY3JlYXRlIjozMDAwMDAwMDAwMDAsImRlbGV0ZSI6MzAwMDAwMDAwMDAwLCJ1cGRhdGUiOjMwMDAwMDAwMDAwMH0sInNjaGVtYV92ZXJzaW9uIjoiMSJ9"
        }
      ]
    }
  ]
}
