{
  "version": 4,
  "terraform_version": "1.1.8",
  "serial": 48,
  "lineage": "3c2c9b1b-3fb1-7bf2-9470-b553fa739644",
  "outputs": {
    "external_ip_address_app": {
      "value": "51.250.11.243",
      "type": "string"
    },
    "external_ip_address_db": {
      "value": "51.250.3.84",
      "type": "string"
    }
  },
  "resources": [
    {
      "module": "module.app",
      "mode": "managed",
      "type": "yandex_compute_instance",
      "name": "app",
      "provider": "provider[\"registry.terraform.io/yandex-cloud/yandex\"]",
      "instances": [
        {
          "schema_version": 1,
          "attributes": {
            "allow_recreate": null,
            "allow_stopping_for_update": null,
            "boot_disk": [
              {
                "auto_delete": true,
                "device_name": "fhm3ng3087acsjosjqhe",
                "disk_id": "fhm3ng3087acsjosjqhe",
                "initialize_params": [
                  {
                    "block_size": 4096,
                    "description": "",
                    "image_id": "fd8e2q8ob3kurfo3858e",
                    "name": "",
                    "size": 10,
                    "snapshot_id": "",
                    "type": "network-hdd"
                  }
                ],
                "mode": "READ_WRITE"
              }
            ],
            "created_at": "2022-05-17T20:48:29Z",
            "description": "",
            "folder_id": "b1grh9oj0u5rtejv4f6k",
            "fqdn": "fhmjciucc7iut8a0o7p9.auto.internal",
            "hostname": "fhmjciucc7iut8a0o7p9",
            "id": "fhmjciucc7iut8a0o7p9",
            "labels": {
              "tags": "reddit-app"
            },
            "metadata": {
              "ssh-keys": "ubuntu:ssh-rsa AAAAB3NzaC1yc2EAAAABJQAAAQEAh3X1UvG8avBoY8Qh64h6tlqGcIc5w9td8dnj9yhwoBrahLc/CQHlqgMfZzJHXmuT+J6DXfihpfP2F25W8ROQ/xpjXxLC7jVOA2CVhaI/lNiVSDse63zpCUbKTOZ2cMVgG74P1nEKvOAaxTuaWYxXwcYOYoDWD+6y7svW+iQIWRqTiiV5zOMRuQtYZFAyn2SNaowqUOb1UmZVEan/y6Hbv3Hve2mKpIcpiMIbJgSOOOZKTDrnXwPJ75TYKXHCUalGC5rt2ReNqypPPqODyrthkqtAXNMKdZKLbqt0nll9KWAYk01pzkW7mINBrzT763+uWvlol6U+5z9mcaN0pkkbjw== sga\r\n"
            },
            "name": "reddit-app",
            "network_acceleration_type": "standard",
            "network_interface": [
              {
                "dns_record": [],
                "index": 0,
                "ip_address": "10.128.0.22",
                "ipv4": true,
                "ipv6": false,
                "ipv6_address": "",
                "ipv6_dns_record": [],
                "mac_address": "d0:0d:13:64:bc:c6",
                "nat": true,
                "nat_dns_record": [],
                "nat_ip_address": "51.250.11.243",
                "nat_ip_version": "IPV4",
                "security_group_ids": [],
                "subnet_id": "e9blrp41fh3sbmc72k04"
              }
            ],
            "placement_policy": [
              {
                "host_affinity_rules": [],
                "placement_group_id": ""
              }
            ],
            "platform_id": "standard-v1",
            "resources": [
              {
                "core_fraction": 100,
                "cores": 2,
                "gpus": 0,
                "memory": 2
              }
            ],
            "scheduling_policy": [
              {
                "preemptible": false
              }
            ],
            "secondary_disk": [],
            "service_account_id": "",
            "status": "running",
            "timeouts": null,
            "zone": "ru-central1-a"
          },
          "sensitive_attributes": [],
          "private": "eyJlMmJmYjczMC1lY2FhLTExZTYtOGY4OC0zNDM2M2JjN2M0YzAiOnsiY3JlYXRlIjozMDAwMDAwMDAwMDAsImRlbGV0ZSI6MzAwMDAwMDAwMDAwLCJ1cGRhdGUiOjMwMDAwMDAwMDAwMH0sInNjaGVtYV92ZXJzaW9uIjoiMSJ9"
        }
      ]
    },
    {
      "module": "module.db",
      "mode": "managed",
      "type": "yandex_compute_instance",
      "name": "db",
      "provider": "provider[\"registry.terraform.io/yandex-cloud/yandex\"]",
      "instances": [
        {
          "schema_version": 1,
          "attributes": {
            "allow_recreate": null,
            "allow_stopping_for_update": null,
            "boot_disk": [
              {
                "auto_delete": true,
                "device_name": "fhms1apu48t2qsshcdfi",
                "disk_id": "fhms1apu48t2qsshcdfi",
                "initialize_params": [
                  {
                    "block_size": 4096,
                    "description": "",
                    "image_id": "fd8f392plemhtkcvhi3j",
                    "name": "",
                    "size": 10,
                    "snapshot_id": "",
                    "type": "network-hdd"
                  }
                ],
                "mode": "READ_WRITE"
              }
            ],
            "created_at": "2022-05-17T20:48:29Z",
            "description": "",
            "folder_id": "b1grh9oj0u5rtejv4f6k",
            "fqdn": "fhm6abe9tepteseeiufu.auto.internal",
            "hostname": "fhm6abe9tepteseeiufu",
            "id": "fhm6abe9tepteseeiufu",
            "labels": {
              "tags": "reddit-db"
            },
            "metadata": {
              "ssh-keys": "ubuntu:ssh-rsa AAAAB3NzaC1yc2EAAAABJQAAAQEAh3X1UvG8avBoY8Qh64h6tlqGcIc5w9td8dnj9yhwoBrahLc/CQHlqgMfZzJHXmuT+J6DXfihpfP2F25W8ROQ/xpjXxLC7jVOA2CVhaI/lNiVSDse63zpCUbKTOZ2cMVgG74P1nEKvOAaxTuaWYxXwcYOYoDWD+6y7svW+iQIWRqTiiV5zOMRuQtYZFAyn2SNaowqUOb1UmZVEan/y6Hbv3Hve2mKpIcpiMIbJgSOOOZKTDrnXwPJ75TYKXHCUalGC5rt2ReNqypPPqODyrthkqtAXNMKdZKLbqt0nll9KWAYk01pzkW7mINBrzT763+uWvlol6U+5z9mcaN0pkkbjw== sga\r\n"
            },
            "name": "reddit-db",
            "network_acceleration_type": "standard",
            "network_interface": [
              {
                "dns_record": [],
                "index": 0,
                "ip_address": "10.128.0.29",
                "ipv4": true,
                "ipv6": false,
                "ipv6_address": "",
                "ipv6_dns_record": [],
                "mac_address": "d0:0d:65:2d:c9:eb",
                "nat": true,
                "nat_dns_record": [],
                "nat_ip_address": "51.250.3.84",
                "nat_ip_version": "IPV4",
                "security_group_ids": [],
                "subnet_id": "e9blrp41fh3sbmc72k04"
              }
            ],
            "placement_policy": [
              {
                "host_affinity_rules": [],
                "placement_group_id": ""
              }
            ],
            "platform_id": "standard-v1",
            "resources": [
              {
                "core_fraction": 100,
                "cores": 2,
                "gpus": 0,
                "memory": 2
              }
            ],
            "scheduling_policy": [
              {
                "preemptible": false
              }
            ],
            "secondary_disk": [],
            "service_account_id": "",
            "status": "running",
            "timeouts": null,
            "zone": "ru-central1-a"
          },
          "sensitive_attributes": [],
          "private": "eyJlMmJmYjczMC1lY2FhLTExZTYtOGY4OC0zNDM2M2JjN2M0YzAiOnsiY3JlYXRlIjozMDAwMDAwMDAwMDAsImRlbGV0ZSI6MzAwMDAwMDAwMDAwLCJ1cGRhdGUiOjMwMDAwMDAwMDAwMH0sInNjaGVtYV92ZXJzaW9uIjoiMSJ9"
        }
      ]
    }
  ]
}
